
Microsoft Visual Studio Solution File, Format Version 12.00
# Visual Studio 2013
VisualStudioVersion = 12.0.31101.0
MinimumVisualStudioVersion = 10.0.40219.1
Project("{FAE04EC0-301F-11D3-BF4B-00C04F79EFBC}") = "SoftServeITAcademy.HW1.Task3", "SoftServeITAcademy.HW1.Task3\SoftServeITAcademy.HW1.Task3.csproj", "{DEBAC4DB-1B8A-4E6B-A247-01556CC6E366}"
EndProject
Project("{FAE04EC0-301F-11D3-BF4B-00C04F79EFBC}") = "SoftServeITAcademy.HW1.Task2", "SoftServeITAcademy.HW1.Task2\SoftServeITAcademy.HW1.Task2.csproj", "{8297ACB8-353B-4959-A0D4-6D35A9B04CF8}"
EndProject
Global
	GlobalSection(SolutionConfigurationPlatforms) = preSolution
		Debug|Any CPU = Debug|Any CPU
		Release|Any CPU = Release|Any CPU
	EndGlobalSection
	GlobalSection(ProjectConfigurationPlatforms) = postSolution
		{DEBAC4DB-1B8A-4E6B-A247-01556CC6E366}.Debug|Any CPU.ActiveCfg = Debug|Any CPU
		{DEBAC4DB-1B8A-4E6B-A247-01556CC6E366}.Debug|Any CPU.Build.0 = Debug|Any CPU
		{DEBAC4DB-1B8A-4E6B-A247-01556CC6E366}.Release|Any CPU.ActiveCfg = Release|Any CPU
		{DEBAC4DB-1B8A-4E6B-A247-01556CC6E366}.Release|Any CPU.Build.0 = Release|Any CPU
		{8297ACB8-353B-4959-A0D4-6D35A9B04CF8}.Debug|Any CPU.ActiveCfg = Debug|Any CPU
		{8297ACB8-353B-4959-A0D4-6D35A9B04CF8}.Debug|Any CPU.Build.0 = Debug|Any CPU
		{8297ACB8-353B-4959-A0D4-6D35A9B04CF8}.Release|Any CPU.ActiveCfg = Release|Any CPU
		{8297ACB8-353B-4959-A0D4-6D35A9B04CF8}.Release|Any CPU.Build.0 = Release|Any CPU
	EndGlobalSection
	GlobalSection(SolutionProperties) = preSolution
		HideSolutionNode = FALSE
	EndGlobalSection
EndGlobal
